
Microsoft Visual Studio Solution File, Format Version 12.00
# Visual Studio Version 17
VisualStudioVersion = 17.12.35521.163 d17.12
MinimumVisualStudioVersion = 10.0.40219.1
Project("{FAE04EC0-301F-11D3-BF4B-00C04F79EFBC}") = "Instagram.Server", "Instagram.Server\Instagram.Server.csproj", "{848952EF-B943-4076-8E99-C43C8181E486}"
EndProject
Project("{FAE04EC0-301F-11D3-BF4B-00C04F79EFBC}") = "Instagram.Dal", "Instagram.Dal\Instagram.Dal.csproj", "{7CBBEC77-B6F7-4726-8A3F-C165A9575F0C}"
EndProject
Project("{FAE04EC0-301F-11D3-BF4B-00C04F79EFBC}") = "Instagram.Bll", "Instagram.Bll\Instagram.Bll.csproj", "{41E8ACB0-72D5-4D84-90B3-DF568AE64BD9}"
EndProject
Project("{FAE04EC0-301F-11D3-BF4B-00C04F79EFBC}") = "Instagram.Repository", "Instagram.Repository\Instagram.Repository.csproj", "{2131F0A0-692E-4E52-889F-119E78E3E5D7}"
EndProject
Global
	GlobalSection(SolutionConfigurationPlatforms) = preSolution
		Debug|Any CPU = Debug|Any CPU
		Release|Any CPU = Release|Any CPU
	EndGlobalSection
	GlobalSection(ProjectConfigurationPlatforms) = postSolution
		{848952EF-B943-4076-8E99-C43C8181E486}.Debug|Any CPU.ActiveCfg = Debug|Any CPU
		{848952EF-B943-4076-8E99-C43C8181E486}.Debug|Any CPU.Build.0 = Debug|Any CPU
		{848952EF-B943-4076-8E99-C43C8181E486}.Release|Any CPU.ActiveCfg = Release|Any CPU
		{848952EF-B943-4076-8E99-C43C8181E486}.Release|Any CPU.Build.0 = Release|Any CPU
		{7CBBEC77-B6F7-4726-8A3F-C165A9575F0C}.Debug|Any CPU.ActiveCfg = Debug|Any CPU
		{7CBBEC77-B6F7-4726-8A3F-C165A9575F0C}.Debug|Any CPU.Build.0 = Debug|Any CPU
		{7CBBEC77-B6F7-4726-8A3F-C165A9575F0C}.Release|Any CPU.ActiveCfg = Release|Any CPU
		{7CBBEC77-B6F7-4726-8A3F-C165A9575F0C}.Release|Any CPU.Build.0 = Release|Any CPU
		{41E8ACB0-72D5-4D84-90B3-DF568AE64BD9}.Debug|Any CPU.ActiveCfg = Debug|Any CPU
		{41E8ACB0-72D5-4D84-90B3-DF568AE64BD9}.Debug|Any CPU.Build.0 = Debug|Any CPU
		{41E8ACB0-72D5-4D84-90B3-DF568AE64BD9}.Release|Any CPU.ActiveCfg = Release|Any CPU
		{41E8ACB0-72D5-4D84-90B3-DF568AE64BD9}.Release|Any CPU.Build.0 = Release|Any CPU
		{2131F0A0-692E-4E52-889F-119E78E3E5D7}.Debug|Any CPU.ActiveCfg = Debug|Any CPU
		{2131F0A0-692E-4E52-889F-119E78E3E5D7}.Debug|Any CPU.Build.0 = Debug|Any CPU
		{2131F0A0-692E-4E52-889F-119E78E3E5D7}.Release|Any CPU.ActiveCfg = Release|Any CPU
		{2131F0A0-692E-4E52-889F-119E78E3E5D7}.Release|Any CPU.Build.0 = Release|Any CPU
	EndGlobalSection
	GlobalSection(SolutionProperties) = preSolution
		HideSolutionNode = FALSE
	EndGlobalSection
EndGlobal
